<Solution>
  <Project Path="SimplePos.Application/SimplePos.Application.csproj" />
  <Project Path="SimplePos.Domain/SimplePos.Domain.csproj" />
  <Project Path="SimplePos.Infrastructure/SimplePos.Infrastructure.csproj" />
  <Project Path="SimplePos.WebApi/SimplePos.WebApi.csproj" />
  <Project Path="Tests/Tests.csproj" />
</Solution>
