<Solution>
  <Project Path="src/SimplePos.Application/SimplePos.Application.csproj" />
  <Project Path="src/SimplePos.Domain/SimplePos.Domain.csproj" />
  <Project Path="src/SimplePos.Infrastructure/SimplePos.Infrastructure.csproj" />
  <Project Path="src/SimplePos.WebApi/SimplePos.WebApi.csproj" />
  <Project Path="test/Tests/Tests.csproj" />
</Solution>
